
Microsoft Visual Studio Solution File, Format Version 12.00
# Visual Studio Version 16
VisualStudioVersion = 16.0.30114.105
MinimumVisualStudioVersion = 10.0.40219.1
Project("{FAE04EC0-301F-11D3-BF4B-00C04F79EFBC}") = "Example.Api", "src\Example.Api.csproj", "{41EA5DE9-9DF9-457C-91AB-6196EC24425A}"
EndProject
Project("{FAE04EC0-301F-11D3-BF4B-00C04F79EFBC}") = "Example.Tests", "tests\Example.Tests.csproj", "{A2577088-EFC8-4EAE-AA0D-4DEB0B6A6AC2}"
EndProject
Global
	GlobalSection(SolutionConfigurationPlatforms) = preSolution
		Debug|Any CPU = Debug|Any CPU
		Release|Any CPU = Release|Any CPU
	EndGlobalSection
	GlobalSection(SolutionProperties) = preSolution
		HideSolutionNode = FALSE
	EndGlobalSection
	GlobalSection(ProjectConfigurationPlatforms) = postSolution
		{41EA5DE9-9DF9-457C-91AB-6196EC24425A}.Debug|Any CPU.ActiveCfg = Debug|Any CPU
		{41EA5DE9-9DF9-457C-91AB-6196EC24425A}.Debug|Any CPU.Build.0 = Debug|Any CPU
		{41EA5DE9-9DF9-457C-91AB-6196EC24425A}.Release|Any CPU.ActiveCfg = Release|Any CPU
		{41EA5DE9-9DF9-457C-91AB-6196EC24425A}.Release|Any CPU.Build.0 = Release|Any CPU
		{A2577088-EFC8-4EAE-AA0D-4DEB0B6A6AC2}.Debug|Any CPU.ActiveCfg = Debug|Any CPU
		{A2577088-EFC8-4EAE-AA0D-4DEB0B6A6AC2}.Debug|Any CPU.Build.0 = Debug|Any CPU
		{A2577088-EFC8-4EAE-AA0D-4DEB0B6A6AC2}.Release|Any CPU.ActiveCfg = Release|Any CPU
		{A2577088-EFC8-4EAE-AA0D-4DEB0B6A6AC2}.Release|Any CPU.Build.0 = Release|Any CPU
	EndGlobalSection
EndGlobal
